
Microsoft Visual Studio Solution File, Format Version 12.00
# Visual Studio Version 17
VisualStudioVersion = 17.5.33516.290
MinimumVisualStudioVersion = 10.0.40219.1
Project("{FAE04EC0-301F-11D3-BF4B-00C04F79EFBC}") = "MenuSystem", "MenuSystem\MenuSystem.csproj", "{D4FD1AF7-5599-4631-8A4D-9A042BE280B5}"
EndProject
Global
	GlobalSection(SolutionConfigurationPlatforms) = preSolution
		Debug|Any CPU = Debug|Any CPU
		Release|Any CPU = Release|Any CPU
	EndGlobalSection
	GlobalSection(ProjectConfigurationPlatforms) = postSolution
		{D4FD1AF7-5599-4631-8A4D-9A042BE280B5}.Debug|Any CPU.ActiveCfg = Debug|Any CPU
		{D4FD1AF7-5599-4631-8A4D-9A042BE280B5}.Debug|Any CPU.Build.0 = Debug|Any CPU
		{D4FD1AF7-5599-4631-8A4D-9A042BE280B5}.Release|Any CPU.ActiveCfg = Release|Any CPU
		{D4FD1AF7-5599-4631-8A4D-9A042BE280B5}.Release|Any CPU.Build.0 = Release|Any CPU
	EndGlobalSection
	GlobalSection(SolutionProperties) = preSolution
		HideSolutionNode = FALSE
	EndGlobalSection
	GlobalSection(ExtensibilityGlobals) = postSolution
		SolutionGuid = {BA6FB9C6-C7E1-440E-A000-3706BA65EFF7}
	EndGlobalSection
EndGlobal
